
Microsoft Visual Studio Solution File, Format Version 12.00
Project("{FAE04EC0-301F-11D3-BF4B-00C04F79EFBC}") = "Resta", "Resta\Resta.csproj", "{E3127978-FBCE-41FE-8B33-8289A9939EB9}"
EndProject
Project("{FAE04EC0-301F-11D3-BF4B-00C04F79EFBC}") = "TestResta", "TestResta\TestResta.csproj", "{D9D5D37C-AAAA-481A-AB60-3295B3028102}"
EndProject
Global
	GlobalSection(SolutionConfigurationPlatforms) = preSolution
		Debug|Any CPU = Debug|Any CPU
		Release|Any CPU = Release|Any CPU
	EndGlobalSection
	GlobalSection(ProjectConfigurationPlatforms) = postSolution
		{E3127978-FBCE-41FE-8B33-8289A9939EB9}.Debug|Any CPU.ActiveCfg = Debug|Any CPU
		{E3127978-FBCE-41FE-8B33-8289A9939EB9}.Debug|Any CPU.Build.0 = Debug|Any CPU
		{E3127978-FBCE-41FE-8B33-8289A9939EB9}.Release|Any CPU.ActiveCfg = Release|Any CPU
		{E3127978-FBCE-41FE-8B33-8289A9939EB9}.Release|Any CPU.Build.0 = Release|Any CPU
		{D9D5D37C-AAAA-481A-AB60-3295B3028102}.Debug|Any CPU.ActiveCfg = Debug|Any CPU
		{D9D5D37C-AAAA-481A-AB60-3295B3028102}.Debug|Any CPU.Build.0 = Debug|Any CPU
		{D9D5D37C-AAAA-481A-AB60-3295B3028102}.Release|Any CPU.ActiveCfg = Release|Any CPU
		{D9D5D37C-AAAA-481A-AB60-3295B3028102}.Release|Any CPU.Build.0 = Release|Any CPU
		
	EndGlobalSection
EndGlobal
